Microsoft Visual Studio Solution File, Format Version 12.00
# Visual Studio 15
VisualStudioVersion = 15.0.28010.2019
MinimumVisualStudioVersion = 10.0.40219.1
Project("{FAE04EC0-301F-11D3-BF4B-00C04F79EFBC}") = "MIMobileApp.Android", "MIMobileApp.Android\MIMobileApp.Android.csproj", "{F47FB5D9-4EA2-4CA9-B604-6D30FE135A97}"
EndProject
Project("{FAE04EC0-301F-11D3-BF4B-00C04F79EFBC}") = "MIMobileApp.iOS", "MIMobileApp.iOS\MIMobileApp.iOS.csproj", "{81D081E9-CA92-4ABA-A8A6-91B18BCCA45A}"
EndProject
Project("{9A19103F-16F7-4668-BE54-9A1E7A4F7556}") = "MIMobileApp", "MIMobileApp\MIMobileApp.csproj", "{15FB14DC-89FE-482E-A3A9-E8F300531DCB}"
EndProject
Global
	GlobalSection(SolutionConfigurationPlatforms) = preSolution
		Ad-Hoc|Any CPU = Ad-Hoc|Any CPU
		Ad-Hoc|iPhone = Ad-Hoc|iPhone
		Ad-Hoc|iPhoneSimulator = Ad-Hoc|iPhoneSimulator
		AppStore|Any CPU = AppStore|Any CPU
		AppStore|iPhone = AppStore|iPhone
		AppStore|iPhoneSimulator = AppStore|iPhoneSimulator
		Debug|Any CPU = Debug|Any CPU
		Debug|iPhone = Debug|iPhone
		Debug|iPhoneSimulator = Debug|iPhoneSimulator
		Release|Any CPU = Release|Any CPU
		Release|iPhone = Release|iPhone
		Release|iPhoneSimulator = Release|iPhoneSimulator
	EndGlobalSection
	GlobalSection(ProjectConfigurationPlatforms) = postSolution
		{F47FB5D9-4EA2-4CA9-B604-6D30FE135A97}.Ad-Hoc|Any CPU.ActiveCfg = Release|Any CPU
		{F47FB5D9-4EA2-4CA9-B604-6D30FE135A97}.Ad-Hoc|Any CPU.Build.0 = Release|Any CPU
		{F47FB5D9-4EA2-4CA9-B604-6D30FE135A97}.Ad-Hoc|Any CPU.Deploy.0 = Release|Any CPU
		{F47FB5D9-4EA2-4CA9-B604-6D30FE135A97}.Ad-Hoc|iPhone.ActiveCfg = Debug|Any CPU
		{F47FB5D9-4EA2-4CA9-B604-6D30FE135A97}.Ad-Hoc|iPhone.Build.0 = Debug|Any CPU
		{F47FB5D9-4EA2-4CA9-B604-6D30FE135A97}.Ad-Hoc|iPhoneSimulator.ActiveCfg = Release|Any CPU
		{F47FB5D9-4EA2-4CA9-B604-6D30FE135A97}.Ad-Hoc|iPhoneSimulator.Build.0 = Release|Any CPU
		{F47FB5D9-4EA2-4CA9-B604-6D30FE135A97}.Ad-Hoc|iPhoneSimulator.Deploy.0 = Release|Any CPU
		{F47FB5D9-4EA2-4CA9-B604-6D30FE135A97}.AppStore|Any CPU.ActiveCfg = Release|Any CPU
		{F47FB5D9-4EA2-4CA9-B604-6D30FE135A97}.AppStore|Any CPU.Build.0 = Release|Any CPU
		{F47FB5D9-4EA2-4CA9-B604-6D30FE135A97}.AppStore|Any CPU.Deploy.0 = Release|Any CPU
		{F47FB5D9-4EA2-4CA9-B604-6D30FE135A97}.AppStore|iPhone.ActiveCfg = Debug|Any CPU
		{F47FB5D9-4EA2-4CA9-B604-6D30FE135A97}.AppStore|iPhone.Build.0 = Debug|Any CPU
		{F47FB5D9-4EA2-4CA9-B604-6D30FE135A97}.AppStore|iPhoneSimulator.ActiveCfg = Release|Any CPU
		{F47FB5D9-4EA2-4CA9-B604-6D30FE135A97}.AppStore|iPhoneSimulator.Build.0 = Release|Any CPU
		{F47FB5D9-4EA2-4CA9-B604-6D30FE135A97}.AppStore|iPhoneSimulator.Deploy.0 = Release|Any CPU
		{F47FB5D9-4EA2-4CA9-B604-6D30FE135A97}.Debug|Any CPU.ActiveCfg = Debug|Any CPU
		{F47FB5D9-4EA2-4CA9-B604-6D30FE135A97}.Debug|Any CPU.Build.0 = Debug|Any CPU
		{F47FB5D9-4EA2-4CA9-B604-6D30FE135A97}.Debug|iPhone.ActiveCfg = Debug|Any CPU
		{F47FB5D9-4EA2-4CA9-B604-6D30FE135A97}.Debug|iPhone.Build.0 = Debug|Any CPU
		{F47FB5D9-4EA2-4CA9-B604-6D30FE135A97}.Debug|iPhoneSimulator.ActiveCfg = Debug|Any CPU
		{F47FB5D9-4EA2-4CA9-B604-6D30FE135A97}.Debug|iPhoneSimulator.Build.0 = Debug|Any CPU
		{F47FB5D9-4EA2-4CA9-B604-6D30FE135A97}.Release|Any CPU.ActiveCfg = Release|Any CPU
		{F47FB5D9-4EA2-4CA9-B604-6D30FE135A97}.Release|Any CPU.Build.0 = Release|Any CPU
		{F47FB5D9-4EA2-4CA9-B604-6D30FE135A97}.Release|iPhone.ActiveCfg = Release|Any CPU
		{F47FB5D9-4EA2-4CA9-B604-6D30FE135A97}.Release|iPhone.Build.0 = Release|Any CPU
		{F47FB5D9-4EA2-4CA9-B604-6D30FE135A97}.Release|iPhoneSimulator.ActiveCfg = Release|Any CPU
		{F47FB5D9-4EA2-4CA9-B604-6D30FE135A97}.Release|iPhoneSimulator.Build.0 = Release|Any CPU
		{81D081E9-CA92-4ABA-A8A6-91B18BCCA45A}.Ad-Hoc|Any CPU.ActiveCfg = Ad-Hoc|iPhoneSimulator
		{81D081E9-CA92-4ABA-A8A6-91B18BCCA45A}.Ad-Hoc|iPhone.ActiveCfg = Ad-Hoc|iPhone
		{81D081E9-CA92-4ABA-A8A6-91B18BCCA45A}.Ad-Hoc|iPhone.Build.0 = Ad-Hoc|iPhone
		{81D081E9-CA92-4ABA-A8A6-91B18BCCA45A}.Ad-Hoc|iPhoneSimulator.ActiveCfg = Ad-Hoc|iPhoneSimulator
		{81D081E9-CA92-4ABA-A8A6-91B18BCCA45A}.Ad-Hoc|iPhoneSimulator.Build.0 = Ad-Hoc|iPhoneSimulator
		{81D081E9-CA92-4ABA-A8A6-91B18BCCA45A}.AppStore|Any CPU.ActiveCfg = AppStore|iPhoneSimulator
		{81D081E9-CA92-4ABA-A8A6-91B18BCCA45A}.AppStore|iPhone.ActiveCfg = AppStore|iPhone
		{81D081E9-CA92-4ABA-A8A6-91B18BCCA45A}.AppStore|iPhone.Build.0 = AppStore|iPhone
		{81D081E9-CA92-4ABA-A8A6-91B18BCCA45A}.AppStore|iPhoneSimulator.ActiveCfg = AppStore|iPhoneSimulator
		{81D081E9-CA92-4ABA-A8A6-91B18BCCA45A}.AppStore|iPhoneSimulator.Build.0 = AppStore|iPhoneSimulator
		{81D081E9-CA92-4ABA-A8A6-91B18BCCA45A}.Debug|Any CPU.ActiveCfg = Debug|iPhoneSimulator
		{81D081E9-CA92-4ABA-A8A6-91B18BCCA45A}.Debug|Any CPU.Build.0 = Debug|iPhoneSimulator
		{81D081E9-CA92-4ABA-A8A6-91B18BCCA45A}.Debug|iPhone.ActiveCfg = Debug|iPhone
		{81D081E9-CA92-4ABA-A8A6-91B18BCCA45A}.Debug|iPhone.Build.0 = Debug|iPhone
		{81D081E9-CA92-4ABA-A8A6-91B18BCCA45A}.Debug|iPhoneSimulator.ActiveCfg = Debug|iPhoneSimulator
		{81D081E9-CA92-4ABA-A8A6-91B18BCCA45A}.Debug|iPhoneSimulator.Build.0 = Debug|iPhoneSimulator
		{81D081E9-CA92-4ABA-A8A6-91B18BCCA45A}.Release|Any CPU.ActiveCfg = Release|iPhoneSimulator
		{81D081E9-CA92-4ABA-A8A6-91B18BCCA45A}.Release|Any CPU.Build.0 = Release|iPhoneSimulator
		{81D081E9-CA92-4ABA-A8A6-91B18BCCA45A}.Release|iPhone.ActiveCfg = Release|iPhone
		{81D081E9-CA92-4ABA-A8A6-91B18BCCA45A}.Release|iPhone.Build.0 = Release|iPhone
		{81D081E9-CA92-4ABA-A8A6-91B18BCCA45A}.Release|iPhoneSimulator.ActiveCfg = Release|iPhoneSimulator
		{81D081E9-CA92-4ABA-A8A6-91B18BCCA45A}.Release|iPhoneSimulator.Build.0 = Release|iPhoneSimulator
		{15FB14DC-89FE-482E-A3A9-E8F300531DCB}.Ad-Hoc|Any CPU.ActiveCfg = Release|Any CPU
		{15FB14DC-89FE-482E-A3A9-E8F300531DCB}.Ad-Hoc|Any CPU.Build.0 = Release|Any CPU
		{15FB14DC-89FE-482E-A3A9-E8F300531DCB}.Ad-Hoc|iPhone.ActiveCfg = Debug|Any CPU
		{15FB14DC-89FE-482E-A3A9-E8F300531DCB}.Ad-Hoc|iPhone.Build.0 = Debug|Any CPU
		{15FB14DC-89FE-482E-A3A9-E8F300531DCB}.Ad-Hoc|iPhoneSimulator.ActiveCfg = Release|Any CPU
		{15FB14DC-89FE-482E-A3A9-E8F300531DCB}.Ad-Hoc|iPhoneSimulator.Build.0 = Release|Any CPU
		{15FB14DC-89FE-482E-A3A9-E8F300531DCB}.AppStore|Any CPU.ActiveCfg = Release|Any CPU
		{15FB14DC-89FE-482E-A3A9-E8F300531DCB}.AppStore|Any CPU.Build.0 = Release|Any CPU
		{15FB14DC-89FE-482E-A3A9-E8F300531DCB}.AppStore|iPhone.ActiveCfg = Debug|Any CPU
		{15FB14DC-89FE-482E-A3A9-E8F300531DCB}.AppStore|iPhone.Build.0 = Debug|Any CPU
		{15FB14DC-89FE-482E-A3A9-E8F300531DCB}.AppStore|iPhoneSimulator.ActiveCfg = Release|Any CPU
		{15FB14DC-89FE-482E-A3A9-E8F300531DCB}.AppStore|iPhoneSimulator.Build.0 = Release|Any CPU
		{15FB14DC-89FE-482E-A3A9-E8F300531DCB}.Debug|Any CPU.ActiveCfg = Debug|Any CPU
		{15FB14DC-89FE-482E-A3A9-E8F300531DCB}.Debug|Any CPU.Build.0 = Debug|Any CPU
		{15FB14DC-89FE-482E-A3A9-E8F300531DCB}.Debug|iPhone.ActiveCfg = Debug|Any CPU
		{15FB14DC-89FE-482E-A3A9-E8F300531DCB}.Debug|iPhone.Build.0 = Debug|Any CPU
		{15FB14DC-89FE-482E-A3A9-E8F300531DCB}.Debug|iPhoneSimulator.ActiveCfg = Debug|Any CPU
		{15FB14DC-89FE-482E-A3A9-E8F300531DCB}.Debug|iPhoneSimulator.Build.0 = Debug|Any CPU
		{15FB14DC-89FE-482E-A3A9-E8F300531DCB}.Release|Any CPU.ActiveCfg = Release|Any CPU
		{15FB14DC-89FE-482E-A3A9-E8F300531DCB}.Release|Any CPU.Build.0 = Release|Any CPU
		{15FB14DC-89FE-482E-A3A9-E8F300531DCB}.Release|iPhone.ActiveCfg = Release|Any CPU
		{15FB14DC-89FE-482E-A3A9-E8F300531DCB}.Release|iPhone.Build.0 = Release|Any CPU
		{15FB14DC-89FE-482E-A3A9-E8F300531DCB}.Release|iPhoneSimulator.ActiveCfg = Release|Any CPU
		{15FB14DC-89FE-482E-A3A9-E8F300531DCB}.Release|iPhoneSimulator.Build.0 = Release|Any CPU
	EndGlobalSection
	GlobalSection(SolutionProperties) = preSolution
		HideSolutionNode = FALSE
	EndGlobalSection
	GlobalSection(ExtensibilityGlobals) = postSolution
		SolutionGuid = {5DCE7EA0-D220-4688-B4E2-C38466457BF1}
	EndGlobalSection
EndGlobal
